
Microsoft Visual Studio Solution File, Format Version 12.00
Project("{2150E333-8FDC-42A3-9474-1A3956D46DE8}") = "Dars_N41_C36", "Dars_N41_C36", "{680E42AB-DC68-4F7F-8559-C7C857B604BD}"
EndProject
Project("{FAE04EC0-301F-11D3-BF4B-00C04F79EFBC}") = "HomaTask_41", "HomaTask_41\HomaTask_41.csproj", "{88711190-6D8B-4F64-AAC6-0722CF3758BF}"
EndProject
Project("{2150E333-8FDC-42A3-9474-1A3956D46DE8}") = "Dars_N42_C37", "Dars_N42_C37", "{6DF20D2F-BB75-47B9-968B-58A4E81BFCB0}"
EndProject
Project("{FAE04EC0-301F-11D3-BF4B-00C04F79EFBC}") = "HomeTask_42", "HomeTask_42\HomeTask_42.csproj", "{A750E86C-3FD0-4C1C-AB24-E769560BE1E5}"
EndProject
Project("{2150E333-8FDC-42A3-9474-1A3956D46DE8}") = "Dars_N43_C38", "Dars_N43_C38", "{9AF27A87-CBBB-4763-BA6B-80367D7EF14F}"
EndProject
Project("{FAE04EC0-301F-11D3-BF4B-00C04F79EFBC}") = "HomeTask_43", "HomeTask_43\HomeTask_43.csproj", "{1C45BFB6-1E05-45F5-8806-138E71B8E969}"
EndProject
Project("{2150E333-8FDC-42A3-9474-1A3956D46DE8}") = "Dars_N44_C39", "Dars_N44_C39", "{C9C027B2-C3BC-42FD-8BE7-7872DF98A3DE}"
EndProject
Project("{FAE04EC0-301F-11D3-BF4B-00C04F79EFBC}") = "HomeTask_44", "HomeTask_44\HomeTask_44.csproj", "{3D2F2F1A-4F81-46AE-BD49-1E82C1DCF35D}"
EndProject
Project("{2150E333-8FDC-42A3-9474-1A3956D46DE8}") = "Dars_N45_40", "Dars_N45_40", "{698F7E25-2514-4091-B163-A9A174D537BF}"
EndProject
Project("{2150E333-8FDC-42A3-9474-1A3956D46DE8}") = "Dars_N46_41", "Dars_N46_41", "{8C589F16-77F4-4121-9CDF-DC6B076EEDFC}"
EndProject
Project("{FAE04EC0-301F-11D3-BF4B-00C04F79EFBC}") = "Home_Task_41", "Home_Task_41\Home_Task_41.csproj", "{37C05B04-F4E8-4C50-A50D-3E6FF41AB33D}"
EndProject
Project("{2150E333-8FDC-42A3-9474-1A3956D46DE8}") = "Dars_N61_C51", "Dars_N61_C51", "{4365F1B3-C568-4FF1-8909-FA92D80FFFAC}"
EndProject
Project("{FAE04EC0-301F-11D3-BF4B-00C04F79EFBC}") = "N52-HT1.API", "N52-HT1.API\N52-HT1.API.csproj", "{688CB5B0-8BCD-4BCA-8D44-771C1A5D143E}"
EndProject
Global
	GlobalSection(SolutionConfigurationPlatforms) = preSolution
		Debug|Any CPU = Debug|Any CPU
		Release|Any CPU = Release|Any CPU
	EndGlobalSection
	GlobalSection(NestedProjects) = preSolution
		{88711190-6D8B-4F64-AAC6-0722CF3758BF} = {680E42AB-DC68-4F7F-8559-C7C857B604BD}
		{A750E86C-3FD0-4C1C-AB24-E769560BE1E5} = {6DF20D2F-BB75-47B9-968B-58A4E81BFCB0}
		{1C45BFB6-1E05-45F5-8806-138E71B8E969} = {9AF27A87-CBBB-4763-BA6B-80367D7EF14F}
		{3D2F2F1A-4F81-46AE-BD49-1E82C1DCF35D} = {C9C027B2-C3BC-42FD-8BE7-7872DF98A3DE}
		{37C05B04-F4E8-4C50-A50D-3E6FF41AB33D} = {8C589F16-77F4-4121-9CDF-DC6B076EEDFC}
		{688CB5B0-8BCD-4BCA-8D44-771C1A5D143E} = {4365F1B3-C568-4FF1-8909-FA92D80FFFAC}
	EndGlobalSection
	GlobalSection(ProjectConfigurationPlatforms) = postSolution
		{88711190-6D8B-4F64-AAC6-0722CF3758BF}.Debug|Any CPU.ActiveCfg = Debug|Any CPU
		{88711190-6D8B-4F64-AAC6-0722CF3758BF}.Debug|Any CPU.Build.0 = Debug|Any CPU
		{88711190-6D8B-4F64-AAC6-0722CF3758BF}.Release|Any CPU.ActiveCfg = Release|Any CPU
		{88711190-6D8B-4F64-AAC6-0722CF3758BF}.Release|Any CPU.Build.0 = Release|Any CPU
		{A750E86C-3FD0-4C1C-AB24-E769560BE1E5}.Debug|Any CPU.ActiveCfg = Debug|Any CPU
		{A750E86C-3FD0-4C1C-AB24-E769560BE1E5}.Debug|Any CPU.Build.0 = Debug|Any CPU
		{A750E86C-3FD0-4C1C-AB24-E769560BE1E5}.Release|Any CPU.ActiveCfg = Release|Any CPU
		{A750E86C-3FD0-4C1C-AB24-E769560BE1E5}.Release|Any CPU.Build.0 = Release|Any CPU
		{1C45BFB6-1E05-45F5-8806-138E71B8E969}.Debug|Any CPU.ActiveCfg = Debug|Any CPU
		{1C45BFB6-1E05-45F5-8806-138E71B8E969}.Debug|Any CPU.Build.0 = Debug|Any CPU
		{1C45BFB6-1E05-45F5-8806-138E71B8E969}.Release|Any CPU.ActiveCfg = Release|Any CPU
		{1C45BFB6-1E05-45F5-8806-138E71B8E969}.Release|Any CPU.Build.0 = Release|Any CPU
		{3D2F2F1A-4F81-46AE-BD49-1E82C1DCF35D}.Debug|Any CPU.ActiveCfg = Debug|Any CPU
		{3D2F2F1A-4F81-46AE-BD49-1E82C1DCF35D}.Debug|Any CPU.Build.0 = Debug|Any CPU
		{3D2F2F1A-4F81-46AE-BD49-1E82C1DCF35D}.Release|Any CPU.ActiveCfg = Release|Any CPU
		{3D2F2F1A-4F81-46AE-BD49-1E82C1DCF35D}.Release|Any CPU.Build.0 = Release|Any CPU
		{37C05B04-F4E8-4C50-A50D-3E6FF41AB33D}.Debug|Any CPU.ActiveCfg = Debug|Any CPU
		{37C05B04-F4E8-4C50-A50D-3E6FF41AB33D}.Debug|Any CPU.Build.0 = Debug|Any CPU
		{37C05B04-F4E8-4C50-A50D-3E6FF41AB33D}.Release|Any CPU.ActiveCfg = Release|Any CPU
		{37C05B04-F4E8-4C50-A50D-3E6FF41AB33D}.Release|Any CPU.Build.0 = Release|Any CPU
		{688CB5B0-8BCD-4BCA-8D44-771C1A5D143E}.Debug|Any CPU.ActiveCfg = Debug|Any CPU
		{688CB5B0-8BCD-4BCA-8D44-771C1A5D143E}.Debug|Any CPU.Build.0 = Debug|Any CPU
		{688CB5B0-8BCD-4BCA-8D44-771C1A5D143E}.Release|Any CPU.ActiveCfg = Release|Any CPU
		{688CB5B0-8BCD-4BCA-8D44-771C1A5D143E}.Release|Any CPU.Build.0 = Release|Any CPU
	EndGlobalSection
EndGlobal
